
Microsoft Visual Studio Solution File, Format Version 12.00
# Visual Studio 15
VisualStudioVersion = 15.0.26403.7
MinimumVisualStudioVersion = 10.0.40219.1
Project("{FAE04EC0-301F-11D3-BF4B-00C04F79EFBC}") = "Wpf_Simple_MVVM", "Wpf_Simple_MVVM\Wpf_Simple_MVVM.csproj", "{E23DBA28-ABEE-4223-A18C-83433A0DA8F4}"
EndProject
Project("{FAE04EC0-301F-11D3-BF4B-00C04F79EFBC}") = "Wpf_Simple_ListBox_Scroll_MVVM", "Wpf_Simple_ListBox_Scroll_MVVM\Wpf_Simple_ListBox_Scroll_MVVM.csproj", "{8EFD2E7E-D39C-42EB-8D02-ADBE76A74E39}"
EndProject
Project("{FAE04EC0-301F-11D3-BF4B-00C04F79EFBC}") = "Wpf_Simple_Command_MVVM", "Wpf_Simple_Command_MVVM\Wpf_Simple_Command_MVVM.csproj", "{179DF0EA-C2C7-44C8-9101-0068FAAD2CD7}"
EndProject
Project("{FAE04EC0-301F-11D3-BF4B-00C04F79EFBC}") = "Wpf_Simple_ListBox_Filter_MVVM", "Wpf_Simple_ListBox_Filter_MVVM\Wpf_Simple_ListBox_Filter_MVVM.csproj", "{4D0F8DE2-55A7-4459-8A32-E53097B4F3A1}"
EndProject
Global
	GlobalSection(SolutionConfigurationPlatforms) = preSolution
		Debug|Any CPU = Debug|Any CPU
		Release|Any CPU = Release|Any CPU
	EndGlobalSection
	GlobalSection(ProjectConfigurationPlatforms) = postSolution
		{E23DBA28-ABEE-4223-A18C-83433A0DA8F4}.Debug|Any CPU.ActiveCfg = Debug|Any CPU
		{E23DBA28-ABEE-4223-A18C-83433A0DA8F4}.Debug|Any CPU.Build.0 = Debug|Any CPU
		{E23DBA28-ABEE-4223-A18C-83433A0DA8F4}.Release|Any CPU.ActiveCfg = Release|Any CPU
		{E23DBA28-ABEE-4223-A18C-83433A0DA8F4}.Release|Any CPU.Build.0 = Release|Any CPU
		{8EFD2E7E-D39C-42EB-8D02-ADBE76A74E39}.Debug|Any CPU.ActiveCfg = Debug|Any CPU
		{8EFD2E7E-D39C-42EB-8D02-ADBE76A74E39}.Debug|Any CPU.Build.0 = Debug|Any CPU
		{8EFD2E7E-D39C-42EB-8D02-ADBE76A74E39}.Release|Any CPU.ActiveCfg = Release|Any CPU
		{8EFD2E7E-D39C-42EB-8D02-ADBE76A74E39}.Release|Any CPU.Build.0 = Release|Any CPU
		{179DF0EA-C2C7-44C8-9101-0068FAAD2CD7}.Debug|Any CPU.ActiveCfg = Debug|Any CPU
		{179DF0EA-C2C7-44C8-9101-0068FAAD2CD7}.Debug|Any CPU.Build.0 = Debug|Any CPU
		{179DF0EA-C2C7-44C8-9101-0068FAAD2CD7}.Release|Any CPU.ActiveCfg = Release|Any CPU
		{179DF0EA-C2C7-44C8-9101-0068FAAD2CD7}.Release|Any CPU.Build.0 = Release|Any CPU
		{4D0F8DE2-55A7-4459-8A32-E53097B4F3A1}.Debug|Any CPU.ActiveCfg = Debug|Any CPU
		{4D0F8DE2-55A7-4459-8A32-E53097B4F3A1}.Debug|Any CPU.Build.0 = Debug|Any CPU
		{4D0F8DE2-55A7-4459-8A32-E53097B4F3A1}.Release|Any CPU.ActiveCfg = Release|Any CPU
		{4D0F8DE2-55A7-4459-8A32-E53097B4F3A1}.Release|Any CPU.Build.0 = Release|Any CPU
	EndGlobalSection
	GlobalSection(SolutionProperties) = preSolution
		HideSolutionNode = FALSE
	EndGlobalSection
EndGlobal
